// !$*UTF8*$!
{
	archiveVersion = 1;
	classes = {
	};
	objectVersion = 77;
	objects = {

/* Begin PBXBuildFile section */
		B0D06A00000000000000A031 /* Jesse Watch App.app in Embed Watch Content */ = {isa = PBXBuildFile; fileRef = B0D06A00000000000000A015 /* Jesse Watch App.app */; settings = {ATTRIBUTES = (RemoveHeadersOnCopy, ); }; };
		B0D06D00000000000000D031 /* JesseWidgetsExtension.appex in Embed Foundation Extensions */ = {isa = PBXBuildFile; fileRef = B0D06D00000000000000D015 /* JesseWidgetsExtension.appex */; settings = {ATTRIBUTES = (RemoveHeadersOnCopy, ); }; };
		B0D06D00000000000000D201 /* JesseWidgetsBundle.swift in Sources */ = {isa = PBXBuildFile; fileRef = B0D06D00000000000000D101 /* JesseWidgetsBundle.swift */; };
		B0D06D00000000000000D202 /* JesseTurnLiveActivity.swift in Sources */ = {isa = PBXBuildFile; fileRef = B0D06D00000000000000D102 /* JesseTurnLiveActivity.swift */; };
		B0D06D00000000000000D203 /* JesseTurnActivityAttributes.swift in Sources */ = {isa = PBXBuildFile; fileRef = B0D06D00000000000000D103 /* JesseTurnActivityAttributes.swift */; };
		B0D06D00000000000000D204 /* JesseTurnActivityAttributes.swift in Sources */ = {isa = PBXBuildFile; fileRef = B0D06D00000000000000D103 /* JesseTurnActivityAttributes.swift */; };
		B0D0F1000000000000F10012 /* JesseCore in Frameworks */ = {isa = PBXBuildFile; productRef = B0D0F1000000000000F10011 /* JesseCore */; };
		B0D0F1000000000000F10022 /* JesseCore in Frameworks */ = {isa = PBXBuildFile; productRef = B0D0F1000000000000F10021 /* JesseCore */; };
		B0D0F1000000000000F10032 /* JesseCore in Frameworks */ = {isa = PBXBuildFile; productRef = B0D0F1000000000000F10031 /* JesseCore */; };
		B0D0F1000000000000F10042 /* JesseCore in Frameworks */ = {isa = PBXBuildFile; productRef = B0D0F1000000000000F10041 /* JesseCore */; };
		B0D0F2000000000000F20012 /* JesseNetworking in Frameworks */ = {isa = PBXBuildFile; productRef = B0D0F2000000000000F20011 /* JesseNetworking */; };
		B0D0F2000000000000F20022 /* JesseNetworking in Frameworks */ = {isa = PBXBuildFile; productRef = B0D0F2000000000000F20021 /* JesseNetworking */; };
		B0D0F2000000000000F20032 /* JesseNetworking in Frameworks */ = {isa = PBXBuildFile; productRef = B0D0F2000000000000F20031 /* JesseNetworking */; };
		B0D0F2000000000000F20042 /* JesseNetworking in Frameworks */ = {isa = PBXBuildFile; productRef = B0D0F2000000000000F20041 /* JesseNetworking */; };
		B0D0F3000000000000F30012 /* JesseConversations in Frameworks */ = {isa = PBXBuildFile; productRef = B0D0F3000000000000F30011 /* JesseConversations */; };
		B0D0F3000000000000F30022 /* JesseConversations in Frameworks */ = {isa = PBXBuildFile; productRef = B0D0F3000000000000F30021 /* JesseConversations */; };
		B0D0F3000000000000F30032 /* JesseConversations in Frameworks */ = {isa = PBXBuildFile; productRef = B0D0F3000000000000F30031 /* JesseConversations */; };
		B0D0F3000000000000F30042 /* JesseConversations in Frameworks */ = {isa = PBXBuildFile; productRef = B0D0F3000000000000F30041 /* JesseConversations */; };
		B0D0F4000000000000F40012 /* JesseSearch in Frameworks */ = {isa = PBXBuildFile; productRef = B0D0F4000000000000F40011 /* JesseSearch */; };
		B0D0F4000000000000F40022 /* JesseSearch in Frameworks */ = {isa = PBXBuildFile; productRef = B0D0F4000000000000F40021 /* JesseSearch */; };
		B0D0F4000000000000F40042 /* JesseSearch in Frameworks */ = {isa = PBXBuildFile; productRef = B0D0F4000000000000F40041 /* JesseSearch */; };
		B0D0F5000000000000F50012 /* JesseDietDisplay in Frameworks */ = {isa = PBXBuildFile; productRef = B0D0F5000000000000F50011 /* JesseDietDisplay */; };
		B0D0F5000000000000F50022 /* JesseDietDisplay in Frameworks */ = {isa = PBXBuildFile; productRef = B0D0F5000000000000F50021 /* JesseDietDisplay */; };
		B0D0F5000000000000F50032 /* JesseDietDisplay in Frameworks */ = {isa = PBXBuildFile; productRef = B0D0F5000000000000F50031 /* JesseDietDisplay */; };
		B0D0F5000000000000F50042 /* JesseDietDisplay in Frameworks */ = {isa = PBXBuildFile; productRef = B0D0F5000000000000F50041 /* JesseDietDisplay */; };
/* End PBXBuildFile section */

/* Begin PBXContainerItemProxy section */
		B0D06900000000000000000B /* PBXContainerItemProxy */ = {
			isa = PBXContainerItemProxy;
			containerPortal = B0D0680D2FE83E3F00C8C4B0 /* Project object */;
			proxyType = 1;
			remoteGlobalIDString = B0D068142FE83E3F00C8C4B0;
			remoteInfo = Jesse;
		};
		B0D06A00000000000000A041 /* PBXContainerItemProxy */ = {
			isa = PBXContainerItemProxy;
			containerPortal = B0D0680D2FE83E3F00C8C4B0 /* Project object */;
			proxyType = 1;
			remoteGlobalIDString = B0D06A00000000000000A014;
			remoteInfo = "Jesse Watch App";
		};
		B0D06B00000000000000B041 /* PBXContainerItemProxy */ = {
			isa = PBXContainerItemProxy;
			containerPortal = B0D0680D2FE83E3F00C8C4B0 /* Project object */;
			proxyType = 1;
			remoteGlobalIDString = B0D06A00000000000000A014;
			remoteInfo = "Jesse Watch App";
		};
		B0D06D00000000000000D041 /* PBXContainerItemProxy */ = {
			isa = PBXContainerItemProxy;
			containerPortal = B0D0680D2FE83E3F00C8C4B0 /* Project object */;
			proxyType = 1;
			remoteGlobalIDString = B0D06D00000000000000D014;
			remoteInfo = JesseWidgetsExtension;
		};
		B0D070000000000000007041 /* PBXContainerItemProxy */ = {
			isa = PBXContainerItemProxy;
			containerPortal = B0D0680D2FE83E3F00C8C4B0 /* Project object */;
			proxyType = 1;
			remoteGlobalIDString = B0D06E00000000000000E014;
			remoteInfo = "Jesse Mac";
		};
/* End PBXContainerItemProxy section */

/* Begin PBXCopyFilesBuildPhase section */
		B0D06A00000000000000A030 /* Embed Watch Content */ = {
			isa = PBXCopyFilesBuildPhase;
			buildActionMask = 2147483647;
			dstPath = "$(CONTENTS_FOLDER_PATH)/Watch";
			dstSubfolderSpec = 16;
			files = (
				B0D06A00000000000000A031 /* Jesse Watch App.app in Embed Watch Content */,
			);
			name = "Embed Watch Content";
			runOnlyForDeploymentPostprocessing = 0;
		};
		B0D06D00000000000000D030 /* Embed Foundation Extensions */ = {
			isa = PBXCopyFilesBuildPhase;
			buildActionMask = 2147483647;
			dstPath = "";
			dstSubfolderSpec = 13;
			files = (
				B0D06D00000000000000D031 /* JesseWidgetsExtension.appex in Embed Foundation Extensions */,
			);
			name = "Embed Foundation Extensions";
			runOnlyForDeploymentPostprocessing = 0;
		};
/* End PBXCopyFilesBuildPhase section */

/* Begin PBXFileReference section */
		B0D068152FE83E3F00C8C4B0 /* Jesse.app */ = {isa = PBXFileReference; explicitFileType = wrapper.application; includeInIndex = 0; path = Jesse.app; sourceTree = BUILT_PRODUCTS_DIR; };
		B0D069000000000000000002 /* JesseTests.xctest */ = {isa = PBXFileReference; explicitFileType = wrapper.cfbundle; includeInIndex = 0; path = JesseTests.xctest; sourceTree = BUILT_PRODUCTS_DIR; };
		B0D06A00000000000000A015 /* Jesse Watch App.app */ = {isa = PBXFileReference; explicitFileType = wrapper.application; includeInIndex = 0; path = "Jesse Watch App.app"; sourceTree = BUILT_PRODUCTS_DIR; };
		B0D06B00000000000000B015 /* Jesse Watch AppTests.xctest */ = {isa = PBXFileReference; explicitFileType = wrapper.cfbundle; includeInIndex = 0; path = "Jesse Watch AppTests.xctest"; sourceTree = BUILT_PRODUCTS_DIR; };
		B0D06D00000000000000D015 /* JesseWidgetsExtension.appex */ = {isa = PBXFileReference; explicitFileType = "wrapper.app-extension"; includeInIndex = 0; path = JesseWidgetsExtension.appex; sourceTree = BUILT_PRODUCTS_DIR; };
		B0D06D00000000000000D101 /* JesseWidgetsBundle.swift */ = {isa = PBXFileReference; lastKnownFileType = sourcecode.swift; path = JesseWidgetsBundle.swift; sourceTree = "<group>"; };
		B0D06D00000000000000D102 /* JesseTurnLiveActivity.swift */ = {isa = PBXFileReference; lastKnownFileType = sourcecode.swift; path = JesseTurnLiveActivity.swift; sourceTree = "<group>"; };
		B0D06D00000000000000D103 /* JesseTurnActivityAttributes.swift */ = {isa = PBXFileReference; lastKnownFileType = sourcecode.swift; path = JesseTurnActivityAttributes.swift; sourceTree = "<group>"; };
		B0D06D00000000000000D104 /* Info.plist */ = {isa = PBXFileReference; lastKnownFileType = text.plist.xml; path = Info.plist; sourceTree = "<group>"; };
		B0D06E00000000000000E015 /* Jesse Mac.app */ = {isa = PBXFileReference; explicitFileType = wrapper.application; includeInIndex = 0; path = "Jesse Mac.app"; sourceTree = BUILT_PRODUCTS_DIR; };
		B0D070000000000000007015 /* Jesse MacTests.xctest */ = {isa = PBXFileReference; explicitFileType = wrapper.cfbundle; includeInIndex = 0; path = "Jesse MacTests.xctest"; sourceTree = BUILT_PRODUCTS_DIR; };
/* End PBXFileReference section */

/* Begin PBXFileSystemSynchronizedBuildFileExceptionSet section */
		B0D0682A2FE8401E00C8C4B0 /* Exceptions for "Jesse" folder in "Jesse" target */ = {
			isa = PBXFileSystemSynchronizedBuildFileExceptionSet;
			membershipExceptions = (
				Info.plist,
			);
			target = B0D068142FE83E3F00C8C4B0 /* Jesse */;
		};
		B0D06A00000000000000A02A /* Exceptions for "JesseWatch" folder in "Jesse Watch App" target */ = {
			isa = PBXFileSystemSynchronizedBuildFileExceptionSet;
			membershipExceptions = (
				Info.plist,
			);
			target = B0D06A00000000000000A014 /* Jesse Watch App */;
		};
		B0D06E00000000000000E02A /* Exceptions for "JesseMac" folder in "Jesse Mac" target */ = {
			isa = PBXFileSystemSynchronizedBuildFileExceptionSet;
			membershipExceptions = (
				Info.plist,
			);
			target = B0D06E00000000000000E014 /* Jesse Mac */;
		};
/* End PBXFileSystemSynchronizedBuildFileExceptionSet section */

/* Begin PBXFileSystemSynchronizedRootGroup section */
		B0D068172FE83E3F00C8C4B0 /* Jesse */ = {
			isa = PBXFileSystemSynchronizedRootGroup;
			exceptions = (
				B0D0682A2FE8401E00C8C4B0 /* Exceptions for "Jesse" folder in "Jesse" target */,
			);
			path = Jesse;
			sourceTree = "<group>";
		};
		B0D069000000000000000009 /* JesseTests */ = {
			isa = PBXFileSystemSynchronizedRootGroup;
			path = JesseTests;
			sourceTree = "<group>";
		};
		B0D06A00000000000000A017 /* JesseWatch */ = {
			isa = PBXFileSystemSynchronizedRootGroup;
			exceptions = (
				B0D06A00000000000000A02A /* Exceptions for "JesseWatch" folder in "Jesse Watch App" target */,
			);
			path = JesseWatch;
			sourceTree = "<group>";
		};
		B0D06B00000000000000B017 /* JesseWatchTests */ = {
			isa = PBXFileSystemSynchronizedRootGroup;
			path = JesseWatchTests;
			sourceTree = "<group>";
		};
		B0D06C00000000000000C009 /* JesseShared */ = {
			isa = PBXFileSystemSynchronizedRootGroup;
			path = JesseShared;
			sourceTree = "<group>";
		};
		B0D06E00000000000000E017 /* JesseMac */ = {
			isa = PBXFileSystemSynchronizedRootGroup;
			exceptions = (
				B0D06E00000000000000E02A /* Exceptions for "JesseMac" folder in "Jesse Mac" target */,
			);
			path = JesseMac;
			sourceTree = "<group>";
		};
		B0D070000000000000007017 /* JesseMacTests */ = {
			isa = PBXFileSystemSynchronizedRootGroup;
			path = JesseMacTests;
			sourceTree = "<group>";
		};
/* End PBXFileSystemSynchronizedRootGroup section */

/* Begin PBXFrameworksBuildPhase section */
		B0D068122FE83E3F00C8C4B0 /* Frameworks */ = {
			isa = PBXFrameworksBuildPhase;
			buildActionMask = 2147483647;
			files = (
				B0D0F1000000000000F10012 /* JesseCore in Frameworks */,
				B0D0F2000000000000F20012 /* JesseNetworking in Frameworks */,
				B0D0F3000000000000F30012 /* JesseConversations in Frameworks */,
				B0D0F4000000000000F40012 /* JesseSearch in Frameworks */,
				B0D0F5000000000000F50012 /* JesseDietDisplay in Frameworks */,
			);
			runOnlyForDeploymentPostprocessing = 0;
		};
		B0D069000000000000000004 /* Frameworks */ = {
			isa = PBXFrameworksBuildPhase;
			buildActionMask = 2147483647;
			files = (
				B0D0F1000000000000F10032 /* JesseCore in Frameworks */,
				B0D0F2000000000000F20032 /* JesseNetworking in Frameworks */,
				B0D0F3000000000000F30032 /* JesseConversations in Frameworks */,
				B0D0F5000000000000F50032 /* JesseDietDisplay in Frameworks */,
			);
			runOnlyForDeploymentPostprocessing = 0;
		};
		B0D06A00000000000000A012 /* Frameworks */ = {
			isa = PBXFrameworksBuildPhase;
			buildActionMask = 2147483647;
			files = (
			);
			runOnlyForDeploymentPostprocessing = 0;
		};
		B0D06B00000000000000B012 /* Frameworks */ = {
			isa = PBXFrameworksBuildPhase;
			buildActionMask = 2147483647;
			files = (
			);
			runOnlyForDeploymentPostprocessing = 0;
		};
		B0D06D00000000000000D012 /* Frameworks */ = {
			isa = PBXFrameworksBuildPhase;
			buildActionMask = 2147483647;
			files = (
			);
			runOnlyForDeploymentPostprocessing = 0;
		};
		B0D06E00000000000000E012 /* Frameworks */ = {
			isa = PBXFrameworksBuildPhase;
			buildActionMask = 2147483647;
			files = (
				B0D0F1000000000000F10022 /* JesseCore in Frameworks */,
				B0D0F2000000000000F20022 /* JesseNetworking in Frameworks */,
				B0D0F3000000000000F30022 /* JesseConversations in Frameworks */,
				B0D0F4000000000000F40022 /* JesseSearch in Frameworks */,
				B0D0F5000000000000F50022 /* JesseDietDisplay in Frameworks */,
			);
			runOnlyForDeploymentPostprocessing = 0;
		};
		B0D070000000000000007012 /* Frameworks */ = {
			isa = PBXFrameworksBuildPhase;
			buildActionMask = 2147483647;
			files = (
				B0D0F1000000000000F10042 /* JesseCore in Frameworks */,
				B0D0F3000000000000F30042 /* JesseConversations in Frameworks */,
				B0D0F4000000000000F40042 /* JesseSearch in Frameworks */,
				B0D0F5000000000000F50042 /* JesseDietDisplay in Frameworks */,
				B0D0F2000000000000F20042 /* JesseNetworking in Frameworks */,
			);
			runOnlyForDeploymentPostprocessing = 0;
		};
/* End PBXFrameworksBuildPhase section */

/* Begin PBXGroup section */
		B0D0680C2FE83E3F00C8C4B0 = {
			isa = PBXGroup;
			children = (
				B0D068172FE83E3F00C8C4B0 /* Jesse */,
				B0D06C00000000000000C009 /* JesseShared */,
				B0D06E00000000000000E017 /* JesseMac */,
				B0D070000000000000007017 /* JesseMacTests */,
				B0D06D00000000000000D009 /* JesseWidgets */,
				B0D069000000000000000009 /* JesseTests */,
				B0D06A00000000000000A017 /* JesseWatch */,
				B0D06B00000000000000B017 /* JesseWatchTests */,
				B0D068162FE83E3F00C8C4B0 /* Products */,
			);
			sourceTree = "<group>";
		};
		B0D068162FE83E3F00C8C4B0 /* Products */ = {
			isa = PBXGroup;
			children = (
				B0D068152FE83E3F00C8C4B0 /* Jesse.app */,
				B0D069000000000000000002 /* JesseTests.xctest */,
				B0D06A00000000000000A015 /* Jesse Watch App.app */,
				B0D06B00000000000000B015 /* Jesse Watch AppTests.xctest */,
				B0D06D00000000000000D015 /* JesseWidgetsExtension.appex */,
				B0D06E00000000000000E015 /* Jesse Mac.app */,
				B0D070000000000000007015 /* Jesse MacTests.xctest */,
			);
			name = Products;
			sourceTree = "<group>";
		};
		B0D06D00000000000000D009 /* JesseWidgets */ = {
			isa = PBXGroup;
			children = (
				B0D06D00000000000000D101 /* JesseWidgetsBundle.swift */,
				B0D06D00000000000000D102 /* JesseTurnLiveActivity.swift */,
				B0D06D00000000000000D103 /* JesseTurnActivityAttributes.swift */,
				B0D06D00000000000000D104 /* Info.plist */,
			);
			path = JesseWidgets;
			sourceTree = "<group>";
		};
/* End PBXGroup section */

/* Begin PBXNativeTarget section */
		B0D068142FE83E3F00C8C4B0 /* Jesse */ = {
			isa = PBXNativeTarget;
			buildConfigurationList = B0D068202FE83E4100C8C4B0 /* Build configuration list for PBXNativeTarget "Jesse" */;
			buildPhases = (
				B0D068112FE83E3F00C8C4B0 /* Sources */,
				B0D068122FE83E3F00C8C4B0 /* Frameworks */,
				B0D068132FE83E3F00C8C4B0 /* Resources */,
				B0D06A00000000000000A030 /* Embed Watch Content */,
				B0D06D00000000000000D030 /* Embed Foundation Extensions */,
			);
			buildRules = (
			);
			dependencies = (
				B0D06A00000000000000A040 /* PBXTargetDependency */,
				B0D06D00000000000000D040 /* PBXTargetDependency */,
			);
			fileSystemSynchronizedGroups = (
				B0D068172FE83E3F00C8C4B0 /* Jesse */,
				B0D06C00000000000000C009 /* JesseShared */,
			);
			name = Jesse;
			packageProductDependencies = (
				B0D0F1000000000000F10011 /* JesseCore */,
				B0D0F2000000000000F20011 /* JesseNetworking */,
				B0D0F3000000000000F30011 /* JesseConversations */,
				B0D0F4000000000000F40011 /* JesseSearch */,
				B0D0F5000000000000F50011 /* JesseDietDisplay */,
			);
			productName = Jesse;
			productReference = B0D068152FE83E3F00C8C4B0 /* Jesse.app */;
			productType = "com.apple.product-type.application";
		};
		B0D069000000000000000001 /* JesseTests */ = {
			isa = PBXNativeTarget;
			buildConfigurationList = B0D069000000000000000006 /* Build configuration list for PBXNativeTarget "JesseTests" */;
			buildPhases = (
				B0D069000000000000000003 /* Sources */,
				B0D069000000000000000004 /* Frameworks */,
				B0D069000000000000000005 /* Resources */,
			);
			buildRules = (
			);
			dependencies = (
				B0D06900000000000000000A /* PBXTargetDependency */,
			);
			fileSystemSynchronizedGroups = (
				B0D069000000000000000009 /* JesseTests */,
			);
			name = JesseTests;
			packageProductDependencies = (
				B0D0F1000000000000F10031 /* JesseCore */,
				B0D0F2000000000000F20031 /* JesseNetworking */,
				B0D0F3000000000000F30031 /* JesseConversations */,
				B0D0F5000000000000F50031 /* JesseDietDisplay */,
			);
			productName = JesseTests;
			productReference = B0D069000000000000000002 /* JesseTests.xctest */;
			productType = "com.apple.product-type.bundle.unit-test";
		};
		B0D06A00000000000000A014 /* Jesse Watch App */ = {
			isa = PBXNativeTarget;
			buildConfigurationList = B0D06A00000000000000A020 /* Build configuration list for PBXNativeTarget "Jesse Watch App" */;
			buildPhases = (
				B0D06A00000000000000A011 /* Sources */,
				B0D06A00000000000000A012 /* Frameworks */,
				B0D06A00000000000000A013 /* Resources */,
			);
			buildRules = (
			);
			dependencies = (
			);
			fileSystemSynchronizedGroups = (
				B0D06A00000000000000A017 /* JesseWatch */,
				B0D06C00000000000000C009 /* JesseShared */,
			);
			name = "Jesse Watch App";
			packageProductDependencies = (
			);
			productName = "Jesse Watch App";
			productReference = B0D06A00000000000000A015 /* Jesse Watch App.app */;
			productType = "com.apple.product-type.application";
		};
		B0D06B00000000000000B014 /* Jesse Watch AppTests */ = {
			isa = PBXNativeTarget;
			buildConfigurationList = B0D06B00000000000000B020 /* Build configuration list for PBXNativeTarget "Jesse Watch AppTests" */;
			buildPhases = (
				B0D06B00000000000000B011 /* Sources */,
				B0D06B00000000000000B012 /* Frameworks */,
				B0D06B00000000000000B013 /* Resources */,
			);
			buildRules = (
			);
			dependencies = (
				B0D06B00000000000000B040 /* PBXTargetDependency */,
			);
			fileSystemSynchronizedGroups = (
				B0D06B00000000000000B017 /* JesseWatchTests */,
			);
			name = "Jesse Watch AppTests";
			packageProductDependencies = (
			);
			productName = "Jesse Watch AppTests";
			productReference = B0D06B00000000000000B015 /* Jesse Watch AppTests.xctest */;
			productType = "com.apple.product-type.bundle.unit-test";
		};
		B0D06D00000000000000D014 /* JesseWidgetsExtension */ = {
			isa = PBXNativeTarget;
			buildConfigurationList = B0D06D00000000000000D020 /* Build configuration list for PBXNativeTarget "JesseWidgetsExtension" */;
			buildPhases = (
				B0D06D00000000000000D011 /* Sources */,
				B0D06D00000000000000D012 /* Frameworks */,
				B0D06D00000000000000D013 /* Resources */,
			);
			buildRules = (
			);
			dependencies = (
			);
			name = JesseWidgetsExtension;
			packageProductDependencies = (
			);
			productName = JesseWidgetsExtension;
			productReference = B0D06D00000000000000D015 /* JesseWidgetsExtension.appex */;
			productType = "com.apple.product-type.app-extension";
		};
		B0D06E00000000000000E014 /* Jesse Mac */ = {
			isa = PBXNativeTarget;
			buildConfigurationList = B0D06E00000000000000E020 /* Build configuration list for PBXNativeTarget "Jesse Mac" */;
			buildPhases = (
				B0D06E00000000000000E011 /* Sources */,
				B0D06E00000000000000E012 /* Frameworks */,
				B0D06E00000000000000E013 /* Resources */,
			);
			buildRules = (
			);
			dependencies = (
			);
			fileSystemSynchronizedGroups = (
				B0D06E00000000000000E017 /* JesseMac */,
			);
			name = "Jesse Mac";
			packageProductDependencies = (
				B0D0F1000000000000F10021 /* JesseCore */,
				B0D0F2000000000000F20021 /* JesseNetworking */,
				B0D0F3000000000000F30021 /* JesseConversations */,
				B0D0F4000000000000F40021 /* JesseSearch */,
				B0D0F5000000000000F50021 /* JesseDietDisplay */,
			);
			productName = "Jesse Mac";
			productReference = B0D06E00000000000000E015 /* Jesse Mac.app */;
			productType = "com.apple.product-type.application";
		};
		B0D070000000000000007014 /* Jesse MacTests */ = {
			isa = PBXNativeTarget;
			buildConfigurationList = B0D070000000000000007020 /* Build configuration list for PBXNativeTarget "Jesse MacTests" */;
			buildPhases = (
				B0D070000000000000007011 /* Sources */,
				B0D070000000000000007012 /* Frameworks */,
				B0D070000000000000007013 /* Resources */,
			);
			buildRules = (
			);
			dependencies = (
				B0D070000000000000007040 /* PBXTargetDependency */,
			);
			fileSystemSynchronizedGroups = (
				B0D070000000000000007017 /* JesseMacTests */,
			);
			name = "Jesse MacTests";
			packageProductDependencies = (
				B0D0F1000000000000F10041 /* JesseCore */,
				B0D0F3000000000000F30041 /* JesseConversations */,
				B0D0F4000000000000F40041 /* JesseSearch */,
				B0D0F5000000000000F50041 /* JesseDietDisplay */,
				B0D0F2000000000000F20041 /* JesseNetworking */,
			);
			productName = "Jesse MacTests";
			productReference = B0D070000000000000007015 /* Jesse MacTests.xctest */;
			productType = "com.apple.product-type.bundle.unit-test";
		};
/* End PBXNativeTarget section */

/* Begin PBXProject section */
		B0D0680D2FE83E3F00C8C4B0 /* Project object */ = {
			isa = PBXProject;
			attributes = {
				BuildIndependentTargetsInParallel = 1;
				LastSwiftUpdateCheck = 2650;
				LastUpgradeCheck = 2660;
				TargetAttributes = {
					B0D068142FE83E3F00C8C4B0 = {
						CreatedOnToolsVersion = 26.5;
						LastSwiftMigration = 2650;
					};
					B0D069000000000000000001 = {
						CreatedOnToolsVersion = 26.5;
						TestTargetID = B0D068142FE83E3F00C8C4B0;
					};
					B0D06A00000000000000A014 = {
						CreatedOnToolsVersion = 26.5;
					};
					B0D06B00000000000000B014 = {
						CreatedOnToolsVersion = 26.5;
						TestTargetID = B0D06A00000000000000A014;
					};
					B0D06D00000000000000D014 = {
						CreatedOnToolsVersion = 26.5;
					};
					B0D06E00000000000000E014 = {
						CreatedOnToolsVersion = 26.5;
					};
					B0D070000000000000007014 = {
						CreatedOnToolsVersion = 26.5;
						TestTargetID = B0D06E00000000000000E014;
					};
				};
			};
			buildConfigurationList = B0D068102FE83E3F00C8C4B0 /* Build configuration list for PBXProject "Jesse" */;
			developmentRegion = en;
			hasScannedForEncodings = 0;
			knownRegions = (
				en,
				Base,
			);
			mainGroup = B0D0680C2FE83E3F00C8C4B0;
			minimizedProjectReferenceProxies = 1;
			packageReferences = (
				B0D0F1000000000000F10001 /* XCLocalSwiftPackageReference "../JesseKit" */,
			);
			preferredProjectObjectVersion = 77;
			productRefGroup = B0D068162FE83E3F00C8C4B0 /* Products */;
			projectDirPath = "";
			projectRoot = "";
			targets = (
				B0D068142FE83E3F00C8C4B0 /* Jesse */,
				B0D069000000000000000001 /* JesseTests */,
				B0D06A00000000000000A014 /* Jesse Watch App */,
				B0D06B00000000000000B014 /* Jesse Watch AppTests */,
				B0D06D00000000000000D014 /* JesseWidgetsExtension */,
				B0D06E00000000000000E014 /* Jesse Mac */,
				B0D070000000000000007014 /* Jesse MacTests */,
			);
		};
/* End PBXProject section */

/* Begin PBXResourcesBuildPhase section */
		B0D068132FE83E3F00C8C4B0 /* Resources */ = {
			isa = PBXResourcesBuildPhase;
			buildActionMask = 2147483647;
			files = (
			);
			runOnlyForDeploymentPostprocessing = 0;
		};
		B0D069000000000000000005 /* Resources */ = {
			isa = PBXResourcesBuildPhase;
			buildActionMask = 2147483647;
			files = (
			);
			runOnlyForDeploymentPostprocessing = 0;
		};
		B0D06A00000000000000A013 /* Resources */ = {
			isa = PBXResourcesBuildPhase;
			buildActionMask = 2147483647;
			files = (
			);
			runOnlyForDeploymentPostprocessing = 0;
		};
		B0D06B00000000000000B013 /* Resources */ = {
			isa = PBXResourcesBuildPhase;
			buildActionMask = 2147483647;
			files = (
			);
			runOnlyForDeploymentPostprocessing = 0;
		};
		B0D06D00000000000000D013 /* Resources */ = {
			isa = PBXResourcesBuildPhase;
			buildActionMask = 2147483647;
			files = (
			);
			runOnlyForDeploymentPostprocessing = 0;
		};
		B0D06E00000000000000E013 /* Resources */ = {
			isa = PBXResourcesBuildPhase;
			buildActionMask = 2147483647;
			files = (
			);
			runOnlyForDeploymentPostprocessing = 0;
		};
		B0D070000000000000007013 /* Resources */ = {
			isa = PBXResourcesBuildPhase;
			buildActionMask = 2147483647;
			files = (
			);
			runOnlyForDeploymentPostprocessing = 0;
		};
/* End PBXResourcesBuildPhase section */

/* Begin PBXSourcesBuildPhase section */
		B0D068112FE83E3F00C8C4B0 /* Sources */ = {
			isa = PBXSourcesBuildPhase;
			buildActionMask = 2147483647;
			files = (
				B0D06D00000000000000D204 /* JesseTurnActivityAttributes.swift in Sources */,
			);
			runOnlyForDeploymentPostprocessing = 0;
		};
		B0D069000000000000000003 /* Sources */ = {
			isa = PBXSourcesBuildPhase;
			buildActionMask = 2147483647;
			files = (
			);
			runOnlyForDeploymentPostprocessing = 0;
		};
		B0D06A00000000000000A011 /* Sources */ = {
			isa = PBXSourcesBuildPhase;
			buildActionMask = 2147483647;
			files = (
			);
			runOnlyForDeploymentPostprocessing = 0;
		};
		B0D06B00000000000000B011 /* Sources */ = {
			isa = PBXSourcesBuildPhase;
			buildActionMask = 2147483647;
			files = (
			);
			runOnlyForDeploymentPostprocessing = 0;
		};
		B0D06D00000000000000D011 /* Sources */ = {
			isa = PBXSourcesBuildPhase;
			buildActionMask = 2147483647;
			files = (
				B0D06D00000000000000D201 /* JesseWidgetsBundle.swift in Sources */,
				B0D06D00000000000000D202 /* JesseTurnLiveActivity.swift in Sources */,
				B0D06D00000000000000D203 /* JesseTurnActivityAttributes.swift in Sources */,
			);
			runOnlyForDeploymentPostprocessing = 0;
		};
		B0D06E00000000000000E011 /* Sources */ = {
			isa = PBXSourcesBuildPhase;
			buildActionMask = 2147483647;
			files = (
			);
			runOnlyForDeploymentPostprocessing = 0;
		};
		B0D070000000000000007011 /* Sources */ = {
			isa = PBXSourcesBuildPhase;
			buildActionMask = 2147483647;
			files = (
			);
			runOnlyForDeploymentPostprocessing = 0;
		};
/* End PBXSourcesBuildPhase section */

/* Begin PBXTargetDependency section */
		B0D06900000000000000000A /* PBXTargetDependency */ = {
			isa = PBXTargetDependency;
			target = B0D068142FE83E3F00C8C4B0 /* Jesse */;
			targetProxy = B0D06900000000000000000B /* PBXContainerItemProxy */;
		};
		B0D06A00000000000000A040 /* PBXTargetDependency */ = {
			isa = PBXTargetDependency;
			target = B0D06A00000000000000A014 /* Jesse Watch App */;
			targetProxy = B0D06A00000000000000A041 /* PBXContainerItemProxy */;
		};
		B0D06B00000000000000B040 /* PBXTargetDependency */ = {
			isa = PBXTargetDependency;
			target = B0D06A00000000000000A014 /* Jesse Watch App */;
			targetProxy = B0D06B00000000000000B041 /* PBXContainerItemProxy */;
		};
		B0D06D00000000000000D040 /* PBXTargetDependency */ = {
			isa = PBXTargetDependency;
			target = B0D06D00000000000000D014 /* JesseWidgetsExtension */;
			targetProxy = B0D06D00000000000000D041 /* PBXContainerItemProxy */;
		};
		B0D070000000000000007040 /* PBXTargetDependency */ = {
			isa = PBXTargetDependency;
			target = B0D06E00000000000000E014 /* Jesse Mac */;
			targetProxy = B0D070000000000000007041 /* PBXContainerItemProxy */;
		};
/* End PBXTargetDependency section */

/* Begin XCBuildConfiguration section */
		B0D0681E2FE83E4100C8C4B0 /* Debug */ = {
			isa = XCBuildConfiguration;
			buildSettings = {
				ALWAYS_SEARCH_USER_PATHS = NO;
				ASSETCATALOG_COMPILER_GENERATE_SWIFT_ASSET_SYMBOL_EXTENSIONS = YES;
				CLANG_ANALYZER_NONNULL = YES;
				CLANG_ANALYZER_NUMBER_OBJECT_CONVERSION = YES_AGGRESSIVE;
				CLANG_CXX_LANGUAGE_STANDARD = "gnu++20";
				CLANG_ENABLE_MODULES = YES;
				CLANG_ENABLE_OBJC_ARC = YES;
				CLANG_ENABLE_OBJC_WEAK = YES;
				CLANG_WARN_BLOCK_CAPTURE_AUTORELEASING = YES;
				CLANG_WARN_BOOL_CONVERSION = YES;
				CLANG_WARN_COMMA = YES;
				CLANG_WARN_CONSTANT_CONVERSION = YES;
				CLANG_WARN_DEPRECATED_OBJC_IMPLEMENTATIONS = YES;
				CLANG_WARN_DIRECT_OBJC_ISA_USAGE = YES_ERROR;
				CLANG_WARN_DOCUMENTATION_COMMENTS = YES;
				CLANG_WARN_EMPTY_BODY = YES;
				CLANG_WARN_ENUM_CONVERSION = YES;
				CLANG_WARN_INFINITE_RECURSION = YES;
				CLANG_WARN_INT_CONVERSION = YES;
				CLANG_WARN_NON_LITERAL_NULL_CONVERSION = YES;
				CLANG_WARN_OBJC_IMPLICIT_RETAIN_SELF = YES;
				CLANG_WARN_OBJC_LITERAL_CONVERSION = YES;
				CLANG_WARN_OBJC_ROOT_CLASS = YES_ERROR;
				CLANG_WARN_QUOTED_INCLUDE_IN_FRAMEWORK_HEADER = YES;
				CLANG_WARN_RANGE_LOOP_ANALYSIS = YES;
				CLANG_WARN_STRICT_PROTOTYPES = YES;
				CLANG_WARN_SUSPICIOUS_MOVE = YES;
				CLANG_WARN_UNGUARDED_AVAILABILITY = YES_AGGRESSIVE;
				CLANG_WARN_UNREACHABLE_CODE = YES;
				CLANG_WARN__DUPLICATE_METHOD_MATCH = YES;
				COPY_PHASE_STRIP = NO;
				DEBUG_INFORMATION_FORMAT = dwarf;
				DEVELOPMENT_TEAM = C6RPS3BGXX;
				ENABLE_STRICT_OBJC_MSGSEND = YES;
				ENABLE_TESTABILITY = YES;
				ENABLE_USER_SCRIPT_SANDBOXING = YES;
				GCC_C_LANGUAGE_STANDARD = gnu17;
				GCC_DYNAMIC_NO_PIC = NO;
				GCC_NO_COMMON_BLOCKS = YES;
				GCC_OPTIMIZATION_LEVEL = 0;
				GCC_PREPROCESSOR_DEFINITIONS = (
					"DEBUG=1",
					"$(inherited)",
				);
				GCC_WARN_64_TO_32_BIT_CONVERSION = YES;
				GCC_WARN_ABOUT_RETURN_TYPE = YES_ERROR;
				GCC_WARN_UNDECLARED_SELECTOR = YES;
				GCC_WARN_UNINITIALIZED_AUTOS = YES_AGGRESSIVE;
				GCC_WARN_UNUSED_FUNCTION = YES;
				GCC_WARN_UNUSED_VARIABLE = YES;
				IPHONEOS_DEPLOYMENT_TARGET = 26.5;
				LOCALIZATION_PREFERS_STRING_CATALOGS = YES;
				MTL_ENABLE_DEBUG_INFO = INCLUDE_SOURCE;
				MTL_FAST_MATH = YES;
				ONLY_ACTIVE_ARCH = YES;
				SDKROOT = iphoneos;
				STRING_CATALOG_GENERATE_SYMBOLS = YES;
				SWIFT_ACTIVE_COMPILATION_CONDITIONS = "DEBUG $(inherited)";
				SWIFT_OPTIMIZATION_LEVEL = "-Onone";
			};
			name = Debug;
		};
		B0D0681F2FE83E4100C8C4B0 /* Release */ = {
			isa = XCBuildConfiguration;
			buildSettings = {
				ALWAYS_SEARCH_USER_PATHS = NO;
				ASSETCATALOG_COMPILER_GENERATE_SWIFT_ASSET_SYMBOL_EXTENSIONS = YES;
				CLANG_ANALYZER_NONNULL = YES;
				CLANG_ANALYZER_NUMBER_OBJECT_CONVERSION = YES_AGGRESSIVE;
				CLANG_CXX_LANGUAGE_STANDARD = "gnu++20";
				CLANG_ENABLE_MODULES = YES;
				CLANG_ENABLE_OBJC_ARC = YES;
				CLANG_ENABLE_OBJC_WEAK = YES;
				CLANG_WARN_BLOCK_CAPTURE_AUTORELEASING = YES;
				CLANG_WARN_BOOL_CONVERSION = YES;
				CLANG_WARN_COMMA = YES;
				CLANG_WARN_CONSTANT_CONVERSION = YES;
				CLANG_WARN_DEPRECATED_OBJC_IMPLEMENTATIONS = YES;
				CLANG_WARN_DIRECT_OBJC_ISA_USAGE = YES_ERROR;
				CLANG_WARN_DOCUMENTATION_COMMENTS = YES;
				CLANG_WARN_EMPTY_BODY = YES;
				CLANG_WARN_ENUM_CONVERSION = YES;
				CLANG_WARN_INFINITE_RECURSION = YES;
				CLANG_WARN_INT_CONVERSION = YES;
				CLANG_WARN_NON_LITERAL_NULL_CONVERSION = YES;
				CLANG_WARN_OBJC_IMPLICIT_RETAIN_SELF = YES;
				CLANG_WARN_OBJC_LITERAL_CONVERSION = YES;
				CLANG_WARN_OBJC_ROOT_CLASS = YES_ERROR;
				CLANG_WARN_QUOTED_INCLUDE_IN_FRAMEWORK_HEADER = YES;
				CLANG_WARN_RANGE_LOOP_ANALYSIS = YES;
				CLANG_WARN_STRICT_PROTOTYPES = YES;
				CLANG_WARN_SUSPICIOUS_MOVE = YES;
				CLANG_WARN_UNGUARDED_AVAILABILITY = YES_AGGRESSIVE;
				CLANG_WARN_UNREACHABLE_CODE = YES;
				CLANG_WARN__DUPLICATE_METHOD_MATCH = YES;
				COPY_PHASE_STRIP = NO;
				DEBUG_INFORMATION_FORMAT = "dwarf-with-dsym";
				DEVELOPMENT_TEAM = C6RPS3BGXX;
				ENABLE_NS_ASSERTIONS = NO;
				ENABLE_STRICT_OBJC_MSGSEND = YES;
				ENABLE_USER_SCRIPT_SANDBOXING = YES;
				GCC_C_LANGUAGE_STANDARD = gnu17;
				GCC_NO_COMMON_BLOCKS = YES;
				GCC_WARN_64_TO_32_BIT_CONVERSION = YES;
				GCC_WARN_ABOUT_RETURN_TYPE = YES_ERROR;
				GCC_WARN_UNDECLARED_SELECTOR = YES;
				GCC_WARN_UNINITIALIZED_AUTOS = YES_AGGRESSIVE;
				GCC_WARN_UNUSED_FUNCTION = YES;
				GCC_WARN_UNUSED_VARIABLE = YES;
				IPHONEOS_DEPLOYMENT_TARGET = 26.5;
				LOCALIZATION_PREFERS_STRING_CATALOGS = YES;
				MTL_ENABLE_DEBUG_INFO = NO;
				MTL_FAST_MATH = YES;
				SDKROOT = iphoneos;
				STRING_CATALOG_GENERATE_SYMBOLS = YES;
				SWIFT_COMPILATION_MODE = wholemodule;
				VALIDATE_PRODUCT = YES;
			};
			name = Release;
		};
		B0D068212FE83E4100C8C4B0 /* Debug */ = {
			isa = XCBuildConfiguration;
			buildSettings = {
				ASSETCATALOG_COMPILER_APPICON_NAME = AppIcon;
				ASSETCATALOG_COMPILER_GLOBAL_ACCENT_COLOR_NAME = AccentColor;
				CLANG_ENABLE_MODULES = YES;
				CODE_SIGN_ENTITLEMENTS = Jesse/Jesse.entitlements;
				CODE_SIGN_STYLE = Automatic;
				CURRENT_PROJECT_VERSION = 75;
				DEVELOPMENT_TEAM = C6RPS3BGXX;
				ENABLE_PREVIEWS = YES;
				GENERATE_INFOPLIST_FILE = YES;
				INFOPLIST_FILE = Jesse/Info.plist;
				INFOPLIST_KEY_UIApplicationSceneManifest_Generation = YES;
				INFOPLIST_KEY_UIApplicationSupportsIndirectInputEvents = YES;
				INFOPLIST_KEY_UILaunchScreen_Generation = YES;
				INFOPLIST_KEY_UISupportedInterfaceOrientations_iPad = "UIInterfaceOrientationPortrait UIInterfaceOrientationPortraitUpsideDown UIInterfaceOrientationLandscapeLeft UIInterfaceOrientationLandscapeRight";
				INFOPLIST_KEY_UISupportedInterfaceOrientations_iPhone = "UIInterfaceOrientationPortrait UIInterfaceOrientationLandscapeLeft UIInterfaceOrientationLandscapeRight";
				LD_RUNPATH_SEARCH_PATHS = (
					"$(inherited)",
					"@executable_path/Frameworks",
				);
				MARKETING_VERSION = 1.0;
				PRODUCT_BUNDLE_IDENTIFIER = com.tag1.Jesse;
				PRODUCT_NAME = "$(TARGET_NAME)";
				STRING_CATALOG_GENERATE_SYMBOLS = YES;
				SWIFT_APPROACHABLE_CONCURRENCY = YES;
				SWIFT_DEFAULT_ACTOR_ISOLATION = MainActor;
				SWIFT_EMIT_LOC_STRINGS = YES;
				SWIFT_OPTIMIZATION_LEVEL = "-Onone";
				SWIFT_UPCOMING_FEATURE_MEMBER_IMPORT_VISIBILITY = YES;
				SWIFT_VERSION = 6.0;
				TARGETED_DEVICE_FAMILY = "1,2";
			};
			name = Debug;
		};
		B0D068222FE83E4100C8C4B0 /* Release */ = {
			isa = XCBuildConfiguration;
			buildSettings = {
				ASSETCATALOG_COMPILER_APPICON_NAME = AppIcon;
				ASSETCATALOG_COMPILER_GLOBAL_ACCENT_COLOR_NAME = AccentColor;
				CLANG_ENABLE_MODULES = YES;
				CODE_SIGN_ENTITLEMENTS = Jesse/Jesse.entitlements;
				CODE_SIGN_STYLE = Automatic;
				CURRENT_PROJECT_VERSION = 75;
				DEVELOPMENT_TEAM = C6RPS3BGXX;
				ENABLE_PREVIEWS = YES;
				GENERATE_INFOPLIST_FILE = YES;
				INFOPLIST_FILE = Jesse/Info.plist;
				INFOPLIST_KEY_UIApplicationSceneManifest_Generation = YES;
				INFOPLIST_KEY_UIApplicationSupportsIndirectInputEvents = YES;
				INFOPLIST_KEY_UILaunchScreen_Generation = YES;
				INFOPLIST_KEY_UISupportedInterfaceOrientations_iPad = "UIInterfaceOrientationPortrait UIInterfaceOrientationPortraitUpsideDown UIInterfaceOrientationLandscapeLeft UIInterfaceOrientationLandscapeRight";
				INFOPLIST_KEY_UISupportedInterfaceOrientations_iPhone = "UIInterfaceOrientationPortrait UIInterfaceOrientationLandscapeLeft UIInterfaceOrientationLandscapeRight";
				LD_RUNPATH_SEARCH_PATHS = (
					"$(inherited)",
					"@executable_path/Frameworks",
				);
				MARKETING_VERSION = 1.0;
				PRODUCT_BUNDLE_IDENTIFIER = com.tag1.Jesse;
				PRODUCT_NAME = "$(TARGET_NAME)";
				STRING_CATALOG_GENERATE_SYMBOLS = YES;
				SWIFT_APPROACHABLE_CONCURRENCY = YES;
				SWIFT_DEFAULT_ACTOR_ISOLATION = MainActor;
				SWIFT_EMIT_LOC_STRINGS = YES;
				SWIFT_UPCOMING_FEATURE_MEMBER_IMPORT_VISIBILITY = YES;
				SWIFT_VERSION = 6.0;
				TARGETED_DEVICE_FAMILY = "1,2";
			};
			name = Release;
		};
		B0D069000000000000000007 /* Debug */ = {
			isa = XCBuildConfiguration;
			buildSettings = {
				BUNDLE_LOADER = "$(TEST_HOST)";
				CODE_SIGN_STYLE = Automatic;
				CURRENT_PROJECT_VERSION = 75;
				DEVELOPMENT_TEAM = C6RPS3BGXX;
				GENERATE_INFOPLIST_FILE = YES;
				IPHONEOS_DEPLOYMENT_TARGET = 26.5;
				MARKETING_VERSION = 1.0;
				PRODUCT_BUNDLE_IDENTIFIER = com.tag1.JesseTests;
				PRODUCT_NAME = "$(TARGET_NAME)";
				SWIFT_EMIT_LOC_STRINGS = NO;
				SWIFT_VERSION = 6.0;
				TARGETED_DEVICE_FAMILY = "1,2";
				TEST_HOST = "$(BUILT_PRODUCTS_DIR)/Jesse.app/$(BUNDLE_EXECUTABLE_FOLDER_PATH)/Jesse";
			};
			name = Debug;
		};
		B0D069000000000000000008 /* Release */ = {
			isa = XCBuildConfiguration;
			buildSettings = {
				BUNDLE_LOADER = "$(TEST_HOST)";
				CODE_SIGN_STYLE = Automatic;
				CURRENT_PROJECT_VERSION = 75;
				DEVELOPMENT_TEAM = C6RPS3BGXX;
				GENERATE_INFOPLIST_FILE = YES;
				IPHONEOS_DEPLOYMENT_TARGET = 26.5;
				MARKETING_VERSION = 1.0;
				PRODUCT_BUNDLE_IDENTIFIER = com.tag1.JesseTests;
				PRODUCT_NAME = "$(TARGET_NAME)";
				SWIFT_EMIT_LOC_STRINGS = NO;
				SWIFT_VERSION = 6.0;
				TARGETED_DEVICE_FAMILY = "1,2";
				TEST_HOST = "$(BUILT_PRODUCTS_DIR)/Jesse.app/$(BUNDLE_EXECUTABLE_FOLDER_PATH)/Jesse";
			};
			name = Release;
		};
		B0D06A00000000000000A021 /* Debug */ = {
			isa = XCBuildConfiguration;
			buildSettings = {
				ASSETCATALOG_COMPILER_GENERATE_SWIFT_ASSET_SYMBOL_EXTENSIONS = YES;
				ASSETCATALOG_COMPILER_GLOBAL_ACCENT_COLOR_NAME = AccentColor;
				CLANG_ENABLE_MODULES = YES;
				CODE_SIGN_STYLE = Automatic;
				CURRENT_PROJECT_VERSION = 75;
				DEVELOPMENT_TEAM = C6RPS3BGXX;
				ENABLE_PREVIEWS = YES;
				GENERATE_INFOPLIST_FILE = YES;
				INFOPLIST_FILE = JesseWatch/Info.plist;
				INFOPLIST_KEY_CFBundleDisplayName = Jesse;
				INFOPLIST_KEY_WKApplication = YES;
				INFOPLIST_KEY_WKCompanionAppBundleIdentifier = com.tag1.Jesse;
				LD_RUNPATH_SEARCH_PATHS = (
					"$(inherited)",
					"@executable_path/Frameworks",
				);
				MARKETING_VERSION = 1.0;
				PRODUCT_BUNDLE_IDENTIFIER = com.tag1.Jesse.watchkitapp;
				PRODUCT_MODULE_NAME = JesseWatch;
				PRODUCT_NAME = "$(TARGET_NAME)";
				SDKROOT = watchos;
				SWIFT_APPROACHABLE_CONCURRENCY = YES;
				SWIFT_DEFAULT_ACTOR_ISOLATION = MainActor;
				SWIFT_EMIT_LOC_STRINGS = YES;
				SWIFT_OPTIMIZATION_LEVEL = "-Onone";
				SWIFT_VERSION = 6.0;
				TARGETED_DEVICE_FAMILY = 4;
				WATCHOS_DEPLOYMENT_TARGET = 11.0;
			};
			name = Debug;
		};
		B0D06A00000000000000A022 /* Release */ = {
			isa = XCBuildConfiguration;
			buildSettings = {
				ASSETCATALOG_COMPILER_GENERATE_SWIFT_ASSET_SYMBOL_EXTENSIONS = YES;
				ASSETCATALOG_COMPILER_GLOBAL_ACCENT_COLOR_NAME = AccentColor;
				CLANG_ENABLE_MODULES = YES;
				CODE_SIGN_STYLE = Automatic;
				CURRENT_PROJECT_VERSION = 75;
				DEVELOPMENT_TEAM = C6RPS3BGXX;
				ENABLE_PREVIEWS = YES;
				GENERATE_INFOPLIST_FILE = YES;
				INFOPLIST_FILE = JesseWatch/Info.plist;
				INFOPLIST_KEY_CFBundleDisplayName = Jesse;
				INFOPLIST_KEY_WKApplication = YES;
				INFOPLIST_KEY_WKCompanionAppBundleIdentifier = com.tag1.Jesse;
				LD_RUNPATH_SEARCH_PATHS = (
					"$(inherited)",
					"@executable_path/Frameworks",
				);
				MARKETING_VERSION = 1.0;
				PRODUCT_BUNDLE_IDENTIFIER = com.tag1.Jesse.watchkitapp;
				PRODUCT_MODULE_NAME = JesseWatch;
				PRODUCT_NAME = "$(TARGET_NAME)";
				SDKROOT = watchos;
				SWIFT_APPROACHABLE_CONCURRENCY = YES;
				SWIFT_COMPILATION_MODE = wholemodule;
				SWIFT_DEFAULT_ACTOR_ISOLATION = MainActor;
				SWIFT_EMIT_LOC_STRINGS = YES;
				SWIFT_VERSION = 6.0;
				TARGETED_DEVICE_FAMILY = 4;
				VALIDATE_PRODUCT = YES;
				WATCHOS_DEPLOYMENT_TARGET = 11.0;
			};
			name = Release;
		};
		B0D06B00000000000000B021 /* Debug */ = {
			isa = XCBuildConfiguration;
			buildSettings = {
				BUNDLE_LOADER = "$(TEST_HOST)";
				CODE_SIGN_STYLE = Automatic;
				CURRENT_PROJECT_VERSION = 75;
				DEVELOPMENT_TEAM = C6RPS3BGXX;
				GENERATE_INFOPLIST_FILE = YES;
				MARKETING_VERSION = 1.0;
				PRODUCT_BUNDLE_IDENTIFIER = com.tag1.Jesse.watchkitapp.tests;
				PRODUCT_NAME = "$(TARGET_NAME)";
				SDKROOT = watchos;
				SWIFT_EMIT_LOC_STRINGS = NO;
				SWIFT_VERSION = 6.0;
				TARGETED_DEVICE_FAMILY = 4;
				TEST_HOST = "$(BUILT_PRODUCTS_DIR)/Jesse Watch App.app/$(BUNDLE_EXECUTABLE_FOLDER_PATH)/Jesse Watch App";
				WATCHOS_DEPLOYMENT_TARGET = 11.0;
			};
			name = Debug;
		};
		B0D06B00000000000000B022 /* Release */ = {
			isa = XCBuildConfiguration;
			buildSettings = {
				BUNDLE_LOADER = "$(TEST_HOST)";
				CODE_SIGN_STYLE = Automatic;
				CURRENT_PROJECT_VERSION = 75;
				DEVELOPMENT_TEAM = C6RPS3BGXX;
				GENERATE_INFOPLIST_FILE = YES;
				MARKETING_VERSION = 1.0;
				PRODUCT_BUNDLE_IDENTIFIER = com.tag1.Jesse.watchkitapp.tests;
				PRODUCT_NAME = "$(TARGET_NAME)";
				SDKROOT = watchos;
				SWIFT_COMPILATION_MODE = wholemodule;
				SWIFT_EMIT_LOC_STRINGS = NO;
				SWIFT_VERSION = 6.0;
				TARGETED_DEVICE_FAMILY = 4;
				TEST_HOST = "$(BUILT_PRODUCTS_DIR)/Jesse Watch App.app/$(BUNDLE_EXECUTABLE_FOLDER_PATH)/Jesse Watch App";
				WATCHOS_DEPLOYMENT_TARGET = 11.0;
			};
			name = Release;
		};
		B0D06D00000000000000D021 /* Debug */ = {
			isa = XCBuildConfiguration;
			buildSettings = {
				ASSETCATALOG_COMPILER_GLOBAL_ACCENT_COLOR_NAME = AccentColor;
				CLANG_ENABLE_MODULES = YES;
				CODE_SIGN_STYLE = Automatic;
				CURRENT_PROJECT_VERSION = 75;
				DEVELOPMENT_TEAM = C6RPS3BGXX;
				GENERATE_INFOPLIST_FILE = YES;
				INFOPLIST_FILE = JesseWidgets/Info.plist;
				INFOPLIST_KEY_CFBundleDisplayName = Jesse;
				INFOPLIST_KEY_NSHumanReadableCopyright = "";
				IPHONEOS_DEPLOYMENT_TARGET = 26.5;
				LD_RUNPATH_SEARCH_PATHS = (
					"$(inherited)",
					"@executable_path/Frameworks",
					"@executable_path/../../Frameworks",
				);
				MARKETING_VERSION = 1.0;
				PRODUCT_BUNDLE_IDENTIFIER = com.tag1.Jesse.JesseWidgets;
				PRODUCT_NAME = "$(TARGET_NAME)";
				SDKROOT = iphoneos;
				SKIP_INSTALL = YES;
				SWIFT_APPROACHABLE_CONCURRENCY = YES;
				SWIFT_DEFAULT_ACTOR_ISOLATION = MainActor;
				SWIFT_EMIT_LOC_STRINGS = YES;
				SWIFT_OPTIMIZATION_LEVEL = "-Onone";
				SWIFT_VERSION = 6.0;
				TARGETED_DEVICE_FAMILY = "1,2";
			};
			name = Debug;
		};
		B0D06D00000000000000D022 /* Release */ = {
			isa = XCBuildConfiguration;
			buildSettings = {
				ASSETCATALOG_COMPILER_GLOBAL_ACCENT_COLOR_NAME = AccentColor;
				CLANG_ENABLE_MODULES = YES;
				CODE_SIGN_STYLE = Automatic;
				CURRENT_PROJECT_VERSION = 75;
				DEVELOPMENT_TEAM = C6RPS3BGXX;
				GENERATE_INFOPLIST_FILE = YES;
				INFOPLIST_FILE = JesseWidgets/Info.plist;
				INFOPLIST_KEY_CFBundleDisplayName = Jesse;
				INFOPLIST_KEY_NSHumanReadableCopyright = "";
				IPHONEOS_DEPLOYMENT_TARGET = 26.5;
				LD_RUNPATH_SEARCH_PATHS = (
					"$(inherited)",
					"@executable_path/Frameworks",
					"@executable_path/../../Frameworks",
				);
				MARKETING_VERSION = 1.0;
				PRODUCT_BUNDLE_IDENTIFIER = com.tag1.Jesse.JesseWidgets;
				PRODUCT_NAME = "$(TARGET_NAME)";
				SDKROOT = iphoneos;
				SKIP_INSTALL = YES;
				SWIFT_APPROACHABLE_CONCURRENCY = YES;
				SWIFT_COMPILATION_MODE = wholemodule;
				SWIFT_DEFAULT_ACTOR_ISOLATION = MainActor;
				SWIFT_EMIT_LOC_STRINGS = YES;
				SWIFT_VERSION = 6.0;
				TARGETED_DEVICE_FAMILY = "1,2";
				VALIDATE_PRODUCT = YES;
			};
			name = Release;
		};
		B0D06E00000000000000E021 /* Debug */ = {
			isa = XCBuildConfiguration;
			buildSettings = {
				ASSETCATALOG_COMPILER_GENERATE_SWIFT_ASSET_SYMBOL_EXTENSIONS = YES;
				CLANG_ENABLE_MODULES = YES;
				CODE_SIGN_STYLE = Automatic;
				COMBINE_HIDPI_IMAGES = YES;
				CURRENT_PROJECT_VERSION = 75;
				DEVELOPMENT_TEAM = C6RPS3BGXX;
				ENABLE_PREVIEWS = YES;
				GENERATE_INFOPLIST_FILE = YES;
				INFOPLIST_FILE = JesseMac/Info.plist;
				INFOPLIST_KEY_LSApplicationCategoryType = "public.app-category.productivity";
				INFOPLIST_KEY_NSHumanReadableCopyright = "";
				LD_RUNPATH_SEARCH_PATHS = (
					"$(inherited)",
					"@executable_path/../Frameworks",
				);
				MACOSX_DEPLOYMENT_TARGET = 26.0;
				MARKETING_VERSION = 1.0;
				PRODUCT_BUNDLE_IDENTIFIER = com.tag1.JesseMac;
				PRODUCT_NAME = "$(TARGET_NAME)";
				SDKROOT = macosx;
				STRING_CATALOG_GENERATE_SYMBOLS = YES;
				SWIFT_APPROACHABLE_CONCURRENCY = YES;
				SWIFT_DEFAULT_ACTOR_ISOLATION = MainActor;
				SWIFT_EMIT_LOC_STRINGS = YES;
				SWIFT_OPTIMIZATION_LEVEL = "-Onone";
				SWIFT_UPCOMING_FEATURE_MEMBER_IMPORT_VISIBILITY = YES;
				SWIFT_VERSION = 6.0;
			};
			name = Debug;
		};
		B0D06E00000000000000E022 /* Release */ = {
			isa = XCBuildConfiguration;
			buildSettings = {
				ASSETCATALOG_COMPILER_GENERATE_SWIFT_ASSET_SYMBOL_EXTENSIONS = YES;
				CLANG_ENABLE_MODULES = YES;
				CODE_SIGN_STYLE = Automatic;
				COMBINE_HIDPI_IMAGES = YES;
				CURRENT_PROJECT_VERSION = 75;
				DEVELOPMENT_TEAM = C6RPS3BGXX;
				ENABLE_PREVIEWS = YES;
				GENERATE_INFOPLIST_FILE = YES;
				INFOPLIST_FILE = JesseMac/Info.plist;
				INFOPLIST_KEY_LSApplicationCategoryType = "public.app-category.productivity";
				INFOPLIST_KEY_NSHumanReadableCopyright = "";
				LD_RUNPATH_SEARCH_PATHS = (
					"$(inherited)",
					"@executable_path/../Frameworks",
				);
				MACOSX_DEPLOYMENT_TARGET = 26.0;
				MARKETING_VERSION = 1.0;
				PRODUCT_BUNDLE_IDENTIFIER = com.tag1.JesseMac;
				PRODUCT_NAME = "$(TARGET_NAME)";
				SDKROOT = macosx;
				STRING_CATALOG_GENERATE_SYMBOLS = YES;
				SWIFT_APPROACHABLE_CONCURRENCY = YES;
				SWIFT_DEFAULT_ACTOR_ISOLATION = MainActor;
				SWIFT_EMIT_LOC_STRINGS = YES;
				SWIFT_UPCOMING_FEATURE_MEMBER_IMPORT_VISIBILITY = YES;
				SWIFT_VERSION = 6.0;
			};
			name = Release;
		};
		B0D070000000000000007021 /* Debug */ = {
			isa = XCBuildConfiguration;
			buildSettings = {
				BUNDLE_LOADER = "$(TEST_HOST)";
				CODE_SIGN_STYLE = Automatic;
				CURRENT_PROJECT_VERSION = 75;
				DEVELOPMENT_TEAM = C6RPS3BGXX;
				GENERATE_INFOPLIST_FILE = YES;
				MACOSX_DEPLOYMENT_TARGET = 26.0;
				MARKETING_VERSION = 1.0;
				PRODUCT_BUNDLE_IDENTIFIER = com.tag1.JesseMacTests;
				PRODUCT_NAME = "$(TARGET_NAME)";
				SDKROOT = macosx;
				SWIFT_EMIT_LOC_STRINGS = NO;
				SWIFT_VERSION = 6.0;
				TEST_HOST = "$(BUILT_PRODUCTS_DIR)/Jesse Mac.app/Contents/MacOS/Jesse Mac";
			};
			name = Debug;
		};
		B0D070000000000000007022 /* Release */ = {
			isa = XCBuildConfiguration;
			buildSettings = {
				BUNDLE_LOADER = "$(TEST_HOST)";
				CODE_SIGN_STYLE = Automatic;
				CURRENT_PROJECT_VERSION = 75;
				DEVELOPMENT_TEAM = C6RPS3BGXX;
				GENERATE_INFOPLIST_FILE = YES;
				MACOSX_DEPLOYMENT_TARGET = 26.0;
				MARKETING_VERSION = 1.0;
				PRODUCT_BUNDLE_IDENTIFIER = com.tag1.JesseMacTests;
				PRODUCT_NAME = "$(TARGET_NAME)";
				SDKROOT = macosx;
				SWIFT_EMIT_LOC_STRINGS = NO;
				SWIFT_VERSION = 6.0;
				TEST_HOST = "$(BUILT_PRODUCTS_DIR)/Jesse Mac.app/Contents/MacOS/Jesse Mac";
			};
			name = Release;
		};
/* End XCBuildConfiguration section */

/* Begin XCConfigurationList section */
		B0D068102FE83E3F00C8C4B0 /* Build configuration list for PBXProject "Jesse" */ = {
			isa = XCConfigurationList;
			buildConfigurations = (
				B0D0681E2FE83E4100C8C4B0 /* Debug */,
				B0D0681F2FE83E4100C8C4B0 /* Release */,
			);
			defaultConfigurationIsVisible = 0;
			defaultConfigurationName = Release;
		};
		B0D068202FE83E4100C8C4B0 /* Build configuration list for PBXNativeTarget "Jesse" */ = {
			isa = XCConfigurationList;
			buildConfigurations = (
				B0D068212FE83E4100C8C4B0 /* Debug */,
				B0D068222FE83E4100C8C4B0 /* Release */,
			);
			defaultConfigurationIsVisible = 0;
			defaultConfigurationName = Release;
		};
		B0D069000000000000000006 /* Build configuration list for PBXNativeTarget "JesseTests" */ = {
			isa = XCConfigurationList;
			buildConfigurations = (
				B0D069000000000000000007 /* Debug */,
				B0D069000000000000000008 /* Release */,
			);
			defaultConfigurationIsVisible = 0;
			defaultConfigurationName = Release;
		};
		B0D06A00000000000000A020 /* Build configuration list for PBXNativeTarget "Jesse Watch App" */ = {
			isa = XCConfigurationList;
			buildConfigurations = (
				B0D06A00000000000000A021 /* Debug */,
				B0D06A00000000000000A022 /* Release */,
			);
			defaultConfigurationIsVisible = 0;
			defaultConfigurationName = Release;
		};
		B0D06B00000000000000B020 /* Build configuration list for PBXNativeTarget "Jesse Watch AppTests" */ = {
			isa = XCConfigurationList;
			buildConfigurations = (
				B0D06B00000000000000B021 /* Debug */,
				B0D06B00000000000000B022 /* Release */,
			);
			defaultConfigurationIsVisible = 0;
			defaultConfigurationName = Release;
		};
		B0D06D00000000000000D020 /* Build configuration list for PBXNativeTarget "JesseWidgetsExtension" */ = {
			isa = XCConfigurationList;
			buildConfigurations = (
				B0D06D00000000000000D021 /* Debug */,
				B0D06D00000000000000D022 /* Release */,
			);
			defaultConfigurationIsVisible = 0;
			defaultConfigurationName = Release;
		};
		B0D06E00000000000000E020 /* Build configuration list for PBXNativeTarget "Jesse Mac" */ = {
			isa = XCConfigurationList;
			buildConfigurations = (
				B0D06E00000000000000E021 /* Debug */,
				B0D06E00000000000000E022 /* Release */,
			);
			defaultConfigurationIsVisible = 0;
			defaultConfigurationName = Release;
		};
		B0D070000000000000007020 /* Build configuration list for PBXNativeTarget "Jesse MacTests" */ = {
			isa = XCConfigurationList;
			buildConfigurations = (
				B0D070000000000000007021 /* Debug */,
				B0D070000000000000007022 /* Release */,
			);
			defaultConfigurationIsVisible = 0;
			defaultConfigurationName = Release;
		};
/* End XCConfigurationList section */

/* Begin XCLocalSwiftPackageReference section */
		B0D0F1000000000000F10001 /* XCLocalSwiftPackageReference "../JesseKit" */ = {
			isa = XCLocalSwiftPackageReference;
			relativePath = ../JesseKit;
		};
/* End XCLocalSwiftPackageReference section */

/* Begin XCSwiftPackageProductDependency section */
		B0D0F1000000000000F10011 /* JesseCore */ = {
			isa = XCSwiftPackageProductDependency;
			productName = JesseCore;
		};
		B0D0F1000000000000F10021 /* JesseCore */ = {
			isa = XCSwiftPackageProductDependency;
			productName = JesseCore;
		};
		B0D0F1000000000000F10031 /* JesseCore */ = {
			isa = XCSwiftPackageProductDependency;
			productName = JesseCore;
		};
		B0D0F1000000000000F10041 /* JesseCore */ = {
			isa = XCSwiftPackageProductDependency;
			productName = JesseCore;
		};
		B0D0F2000000000000F20011 /* JesseNetworking */ = {
			isa = XCSwiftPackageProductDependency;
			productName = JesseNetworking;
		};
		B0D0F2000000000000F20021 /* JesseNetworking */ = {
			isa = XCSwiftPackageProductDependency;
			productName = JesseNetworking;
		};
		B0D0F2000000000000F20031 /* JesseNetworking */ = {
			isa = XCSwiftPackageProductDependency;
			productName = JesseNetworking;
		};
		B0D0F2000000000000F20041 /* JesseNetworking */ = {
			isa = XCSwiftPackageProductDependency;
			productName = JesseNetworking;
		};
		B0D0F3000000000000F30011 /* JesseConversations */ = {
			isa = XCSwiftPackageProductDependency;
			productName = JesseConversations;
		};
		B0D0F3000000000000F30021 /* JesseConversations */ = {
			isa = XCSwiftPackageProductDependency;
			productName = JesseConversations;
		};
		B0D0F3000000000000F30031 /* JesseConversations */ = {
			isa = XCSwiftPackageProductDependency;
			productName = JesseConversations;
		};
		B0D0F3000000000000F30041 /* JesseConversations */ = {
			isa = XCSwiftPackageProductDependency;
			productName = JesseConversations;
		};
		B0D0F4000000000000F40011 /* JesseSearch */ = {
			isa = XCSwiftPackageProductDependency;
			productName = JesseSearch;
		};
		B0D0F4000000000000F40021 /* JesseSearch */ = {
			isa = XCSwiftPackageProductDependency;
			productName = JesseSearch;
		};
		B0D0F4000000000000F40041 /* JesseSearch */ = {
			isa = XCSwiftPackageProductDependency;
			productName = JesseSearch;
		};
		B0D0F5000000000000F50011 /* JesseDietDisplay */ = {
			isa = XCSwiftPackageProductDependency;
			productName = JesseDietDisplay;
		};
		B0D0F5000000000000F50021 /* JesseDietDisplay */ = {
			isa = XCSwiftPackageProductDependency;
			productName = JesseDietDisplay;
		};
		B0D0F5000000000000F50031 /* JesseDietDisplay */ = {
			isa = XCSwiftPackageProductDependency;
			productName = JesseDietDisplay;
		};
		B0D0F5000000000000F50041 /* JesseDietDisplay */ = {
			isa = XCSwiftPackageProductDependency;
			productName = JesseDietDisplay;
		};
/* End XCSwiftPackageProductDependency section */
	};
	rootObject = B0D0680D2FE83E3F00C8C4B0 /* Project object */;
}
